
Microsoft Visual Studio Solution File, Format Version 12.00
# Visual Studio Version 16
VisualStudioVersion = 16.0.29905.134
MinimumVisualStudioVersion = 10.0.40219.1
Project("{8BC9CEB8-8B4A-11D0-8D11-00A0C91BC942}") = "trial", "trial\trial.vcxproj", "{17F32FD0-2FC9-4CC8-833F-75BE00F1AD91}"
EndProject
Global
	GlobalSection(SolutionConfigurationPlatforms) = preSolution
		Debug|x64 = Debug|x64
		Debug|x86 = Debug|x86
		Release|x64 = Release|x64
		Release|x86 = Release|x86
	EndGlobalSection
	GlobalSection(ProjectConfigurationPlatforms) = postSolution
		{17F32FD0-2FC9-4CC8-833F-75BE00F1AD91}.Debug|x64.ActiveCfg = Debug|x64
		{17F32FD0-2FC9-4CC8-833F-75BE00F1AD91}.Debug|x64.Build.0 = Debug|x64
		{17F32FD0-2FC9-4CC8-833F-75BE00F1AD91}.Debug|x86.ActiveCfg = Debug|Win32
		{17F32FD0-2FC9-4CC8-833F-75BE00F1AD91}.Debug|x86.Build.0 = Debug|Win32
		{17F32FD0-2FC9-4CC8-833F-75BE00F1AD91}.Release|x64.ActiveCfg = Release|x64
		{17F32FD0-2FC9-4CC8-833F-75BE00F1AD91}.Release|x64.Build.0 = Release|x64
		{17F32FD0-2FC9-4CC8-833F-75BE00F1AD91}.Release|x86.ActiveCfg = Release|Win32
		{17F32FD0-2FC9-4CC8-833F-75BE00F1AD91}.Release|x86.Build.0 = Release|Win32
	EndGlobalSection
	GlobalSection(SolutionProperties) = preSolution
		HideSolutionNode = FALSE
	EndGlobalSection
	GlobalSection(ExtensibilityGlobals) = postSolution
		SolutionGuid = {972D5842-C8F1-4B2E-B8E1-DA12CE7A5993}
	EndGlobalSection
EndGlobal
